
Microsoft Visual Studio Solution File, Format Version 12.00
# Visual Studio Version 17
VisualStudioVersion = 17.1.32319.34
MinimumVisualStudioVersion = 10.0.40219.1
Project("{2150E333-8FDC-42A3-9474-1A3956D46DE8}") = "src", "src", "{C6A6072E-FC25-4227-9D15-2A859D933D6B}"
EndProject
Project("{2150E333-8FDC-42A3-9474-1A3956D46DE8}") = "test", "test", "{C1DF8431-4CC6-4AAE-9E9E-F4FC8BF72170}"
EndProject
Project("{2150E333-8FDC-42A3-9474-1A3956D46DE8}") = "API", "API", "{29CE73D8-8C9F-4BEC-A3D2-17A4D1C257C3}"
EndProject
Project("{2150E333-8FDC-42A3-9474-1A3956D46DE8}") = "Core", "Core", "{BF66C906-390D-44E3-B0DE-D3E668D6E578}"
EndProject
Project("{2150E333-8FDC-42A3-9474-1A3956D46DE8}") = "Infrastructure", "Infrastructure", "{B32F4E83-A951-4ACB-96BD-54EBBEE76128}"
EndProject
Project("{2150E333-8FDC-42A3-9474-1A3956D46DE8}") = "UI", "UI", "{3840EE1C-9BE9-4D61-95AA-59DF43AC5E3F}"
EndProject
Project("{9A19103F-16F7-4668-BE54-9A1E7A4F7556}") = "EduCollector.Domain", "EduCollector.Domain\EduCollector.Domain.csproj", "{C2B38999-8DE0-453A-8ADC-BE954DD98BBE}"
EndProject
Project("{9A19103F-16F7-4668-BE54-9A1E7A4F7556}") = "EduCollector.Application", "EduCollector.Application\EduCollector.Application.csproj", "{E0E9AFD6-FBEE-4755-A9CE-A04916BB3E1D}"
EndProject
Project("{9A19103F-16F7-4668-BE54-9A1E7A4F7556}") = "EduCollector.Application.UnitTest", "EduCollector.Application.UniTest\EduCollector.Application.UnitTest.csproj", "{1E8BCDA9-C559-40E8-A99D-AB06B2FE823D}"
EndProject
Project("{9A19103F-16F7-4668-BE54-9A1E7A4F7556}") = "Infrastructure", "Infrastructure\Infrastructure.csproj", "{8EF78608-CDDE-40DA-9762-0C3965BCC29E}"
EndProject
Project("{9A19103F-16F7-4668-BE54-9A1E7A4F7556}") = "Persistence.EF", "Persistence.EF\Persistence.EF.csproj", "{2D866A98-8F40-47E4-9440-8851FDBF7F40}"
EndProject
Project("{FAE04EC0-301F-11D3-BF4B-00C04F79EFBC}") = "EduCollector.Api", "EduCollector.Apit\EduCollector.Api.csproj", "{F22C83A3-44B2-45EA-844C-6C7F66891070}"
EndProject
Global
	GlobalSection(SolutionConfigurationPlatforms) = preSolution
		Debug|Any CPU = Debug|Any CPU
		Release|Any CPU = Release|Any CPU
	EndGlobalSection
	GlobalSection(ProjectConfigurationPlatforms) = postSolution
		{C2B38999-8DE0-453A-8ADC-BE954DD98BBE}.Debug|Any CPU.ActiveCfg = Debug|Any CPU
		{C2B38999-8DE0-453A-8ADC-BE954DD98BBE}.Debug|Any CPU.Build.0 = Debug|Any CPU
		{C2B38999-8DE0-453A-8ADC-BE954DD98BBE}.Release|Any CPU.ActiveCfg = Release|Any CPU
		{C2B38999-8DE0-453A-8ADC-BE954DD98BBE}.Release|Any CPU.Build.0 = Release|Any CPU
		{E0E9AFD6-FBEE-4755-A9CE-A04916BB3E1D}.Debug|Any CPU.ActiveCfg = Debug|Any CPU
		{E0E9AFD6-FBEE-4755-A9CE-A04916BB3E1D}.Debug|Any CPU.Build.0 = Debug|Any CPU
		{E0E9AFD6-FBEE-4755-A9CE-A04916BB3E1D}.Release|Any CPU.ActiveCfg = Release|Any CPU
		{E0E9AFD6-FBEE-4755-A9CE-A04916BB3E1D}.Release|Any CPU.Build.0 = Release|Any CPU
		{1E8BCDA9-C559-40E8-A99D-AB06B2FE823D}.Debug|Any CPU.ActiveCfg = Debug|Any CPU
		{1E8BCDA9-C559-40E8-A99D-AB06B2FE823D}.Debug|Any CPU.Build.0 = Debug|Any CPU
		{1E8BCDA9-C559-40E8-A99D-AB06B2FE823D}.Release|Any CPU.ActiveCfg = Release|Any CPU
		{1E8BCDA9-C559-40E8-A99D-AB06B2FE823D}.Release|Any CPU.Build.0 = Release|Any CPU
		{8EF78608-CDDE-40DA-9762-0C3965BCC29E}.Debug|Any CPU.ActiveCfg = Debug|Any CPU
		{8EF78608-CDDE-40DA-9762-0C3965BCC29E}.Debug|Any CPU.Build.0 = Debug|Any CPU
		{8EF78608-CDDE-40DA-9762-0C3965BCC29E}.Release|Any CPU.ActiveCfg = Release|Any CPU
		{8EF78608-CDDE-40DA-9762-0C3965BCC29E}.Release|Any CPU.Build.0 = Release|Any CPU
		{2D866A98-8F40-47E4-9440-8851FDBF7F40}.Debug|Any CPU.ActiveCfg = Debug|Any CPU
		{2D866A98-8F40-47E4-9440-8851FDBF7F40}.Debug|Any CPU.Build.0 = Debug|Any CPU
		{2D866A98-8F40-47E4-9440-8851FDBF7F40}.Release|Any CPU.ActiveCfg = Release|Any CPU
		{2D866A98-8F40-47E4-9440-8851FDBF7F40}.Release|Any CPU.Build.0 = Release|Any CPU
		{F22C83A3-44B2-45EA-844C-6C7F66891070}.Debug|Any CPU.ActiveCfg = Debug|Any CPU
		{F22C83A3-44B2-45EA-844C-6C7F66891070}.Debug|Any CPU.Build.0 = Debug|Any CPU
		{F22C83A3-44B2-45EA-844C-6C7F66891070}.Release|Any CPU.ActiveCfg = Release|Any CPU
		{F22C83A3-44B2-45EA-844C-6C7F66891070}.Release|Any CPU.Build.0 = Release|Any CPU
	EndGlobalSection
	GlobalSection(SolutionProperties) = preSolution
		HideSolutionNode = FALSE
	EndGlobalSection
	GlobalSection(NestedProjects) = preSolution
		{29CE73D8-8C9F-4BEC-A3D2-17A4D1C257C3} = {C6A6072E-FC25-4227-9D15-2A859D933D6B}
		{BF66C906-390D-44E3-B0DE-D3E668D6E578} = {C6A6072E-FC25-4227-9D15-2A859D933D6B}
		{B32F4E83-A951-4ACB-96BD-54EBBEE76128} = {C6A6072E-FC25-4227-9D15-2A859D933D6B}
		{3840EE1C-9BE9-4D61-95AA-59DF43AC5E3F} = {C6A6072E-FC25-4227-9D15-2A859D933D6B}
		{C2B38999-8DE0-453A-8ADC-BE954DD98BBE} = {BF66C906-390D-44E3-B0DE-D3E668D6E578}
		{E0E9AFD6-FBEE-4755-A9CE-A04916BB3E1D} = {BF66C906-390D-44E3-B0DE-D3E668D6E578}
		{1E8BCDA9-C559-40E8-A99D-AB06B2FE823D} = {C1DF8431-4CC6-4AAE-9E9E-F4FC8BF72170}
		{8EF78608-CDDE-40DA-9762-0C3965BCC29E} = {B32F4E83-A951-4ACB-96BD-54EBBEE76128}
		{2D866A98-8F40-47E4-9440-8851FDBF7F40} = {B32F4E83-A951-4ACB-96BD-54EBBEE76128}
		{F22C83A3-44B2-45EA-844C-6C7F66891070} = {29CE73D8-8C9F-4BEC-A3D2-17A4D1C257C3}
	EndGlobalSection
	GlobalSection(ExtensibilityGlobals) = postSolution
		SolutionGuid = {32097158-4687-4EB8-A2EC-E389730D01E4}
	EndGlobalSection
EndGlobal
